<?xml version="1.0" encoding="utf-8"?>
<Project ToolsVersion="4.0" xmlns="http://schemas.microsoft.com/developer/msbuild/2003">
  <ItemGroup>
    <Filter Include="%2a Code">
      <UniqueIdentifier>{73bb2c35-3f67-4e58-8de3-9cafb3dc54af}</UniqueIdentifier>
    </Filter>
    <Filter Include="%2a Code\%2a Rendering">
      <UniqueIdentifier>{319f88ab-8369-4dc3-a72d-00bf155b4be8}</UniqueIdentifier>
    </Filter>
    <Filter Include="%2a Code\%2a World">
      <UniqueIdentifier>{2e0a1ae4-9925-4978-ae62-f686cc4e0e79}</UniqueIdentifier>
    </Filter>
    <Filter Include="%2a Code\%2a Systems">
      <UniqueIdentifier>{251f9ee8-b528-45cf-aab9-8045f94fe919}</UniqueIdentifier>
    </Filter>
    <Filter Include="%2a Code\%2a Core">
      <UniqueIdentifier>{81b80c59-f471-4879-b94f-dfa366c23271}</UniqueIdentifier>
    </Filter>
    <Filter Include="%2a Code\%2a Game">
      <UniqueIdentifier>{5c5b00b3-e29e-4ff3-8f54-2c59addb977c}</UniqueIdentifier>
    </Filter>
    <Filter Include="%2a Code\%2a Core\Core">
      <UniqueIdentifier>{6892ee39-ef73-463f-bd40-0c8acaf094cf}</UniqueIdentifier>
    </Filter>
  </ItemGroup>
  <ItemGroup>
    <ClCompile Include="Core.cpp">
      <Filter>%2a Code\%2a Core\Core</Filter>
    </ClCompile>
    <ClCompile Include="Main.cpp">
      <Filter>%2a Code\%2a Core</Filter>
    </ClCompile>
  </ItemGroup>
  <ItemGroup>
    <ClInclude Include="Core.h">
      <Filter>%2a Code\%2a Core\Core</Filter>
    </ClInclude>
    <ClInclude Include="Constants.h">
      <Filter>%2a Code\%2a Core</Filter>
    </ClInclude>
  </ItemGroup>
</Project>